// !$*UTF8*$!
{
	archiveVersion = 1;
	classes = {
	};
	objectVersion = 77;
	objects = {

/* Begin PBXBuildFile section */
		01EF2044E2FFBDD062C7E3CB /* SyncCoordinator.swift in Sources */ = {isa = PBXBuildFile; fileRef = CC417E1991C3AB1F21D97317 /* SyncCoordinator.swift */; };
		025F977E66A0EAD4053694A4 /* SSHKeyManagerTests.swift in Sources */ = {isa = PBXBuildFile; fileRef = 1816DB0502F6CCFA55FF4DA7 /* SSHKeyManagerTests.swift */; };
		055C99B16969C0E86E6557AE /* PeerDiscoveryActor.swift in Sources */ = {isa = PBXBuildFile; fileRef = 88218E629F24BD5A9B2121A7 /* PeerDiscoveryActor.swift */; };
		0A03F3D0C2F7E781F15C08BF /* V101RegressionTests.swift in Sources */ = {isa = PBXBuildFile; fileRef = 71D26AE8DF4DEAC723DBF5E1 /* V101RegressionTests.swift */; };
		0BEA10F6F3CE1E9B8FBCE831 /* SyncHistoryTests.swift in Sources */ = {isa = PBXBuildFile; fileRef = 2106FF7B3C28C6A7E97943FB /* SyncHistoryTests.swift */; };
		111E56474D36E15932827627 /* V11RegressionTests.swift in Sources */ = {isa = PBXBuildFile; fileRef = 6565E6BA12EA04E98F16C379 /* V11RegressionTests.swift */; };
		13633995DCF25491490F4F82 /* PairingCodeGeneratorTests.swift in Sources */ = {isa = PBXBuildFile; fileRef = F37E848B9CD13F8D04B4E844 /* PairingCodeGeneratorTests.swift */; };
		14240138EED46CCF5303E6B2 /* ControlMessage.swift in Sources */ = {isa = PBXBuildFile; fileRef = 0B1E88C251EED254B50EB0ED /* ControlMessage.swift */; };
		1BFF46058B3FC4092DAFE3FE /* EndToEndPairingTests.swift in Sources */ = {isa = PBXBuildFile; fileRef = FAABF5C5BB36B0BAC201C96A /* EndToEndPairingTests.swift */; };
		25CCC26B8542B3578E5CB9AD /* SystemSettingsLink.swift in Sources */ = {isa = PBXBuildFile; fileRef = 491841234764329A7B8ED26B /* SystemSettingsLink.swift */; };
		27A75ECB9F377A22927F3BEE /* FSEventStreamWatcherTests.swift in Sources */ = {isa = PBXBuildFile; fileRef = 62A8E2A48BD8B4CD03A7A91F /* FSEventStreamWatcherTests.swift */; };
		27AFB92B3C236883C917E330 /* MenuBarRootView.swift in Sources */ = {isa = PBXBuildFile; fileRef = 5975C47C70670CD6B910D202 /* MenuBarRootView.swift */; };
		31E58CA37D238F3FF4D03DDA /* ProcessRunner.swift in Sources */ = {isa = PBXBuildFile; fileRef = AEB36691E30B5A3442852A5A /* ProcessRunner.swift */; };
		31F9FD2CBBF202FBD0D01612 /* ClaudeSyncProtocolFramer.swift in Sources */ = {isa = PBXBuildFile; fileRef = 3A70745984D16F1F219E2287 /* ClaudeSyncProtocolFramer.swift */; };
		338D0F0DA2B55D74D055E844 /* PairingCodeGenerator.swift in Sources */ = {isa = PBXBuildFile; fileRef = 9335166A7DC5EBB753443062 /* PairingCodeGenerator.swift */; };
		3A9E48A31BF075D785766FBC /* NWConnectionPeerChannel.swift in Sources */ = {isa = PBXBuildFile; fileRef = 4785886D091FF351E63ED337 /* NWConnectionPeerChannel.swift */; };
		3F2D2F6B51967743B34075C0 /* ControlMessageCodecTests.swift in Sources */ = {isa = PBXBuildFile; fileRef = 9F847369BD857C28515439FE /* ControlMessageCodecTests.swift */; };
		3F528FF60B8ECB4029EF41E4 /* TLSCertificateProvider.swift in Sources */ = {isa = PBXBuildFile; fileRef = 2CFE1808B706A0E5F580257D /* TLSCertificateProvider.swift */; };
		44A9872F6014CA6636407714 /* V121RegressionTests.swift in Sources */ = {isa = PBXBuildFile; fileRef = FA827CB6F146C2A5FFD87B42 /* V121RegressionTests.swift */; };
		44DD43E8997689A7A4CFA21E /* FullDiskAccessChecker.swift in Sources */ = {isa = PBXBuildFile; fileRef = 28AA9AC25BFDEC1EBAF0D940 /* FullDiskAccessChecker.swift */; };
		4C61CEE8E4C56B87D3DE43AD /* BatchAccumulatorTests.swift in Sources */ = {isa = PBXBuildFile; fileRef = 0014BFEE0D215AD25AAF3489 /* BatchAccumulatorTests.swift */; };
		4E6AAD725EE272C9183F6C75 /* AppEnvironment.swift in Sources */ = {isa = PBXBuildFile; fileRef = A60170142331AED7FD2641DC /* AppEnvironment.swift */; };
		50DD893064D3D8F1D7DA5C43 /* SingleInstanceGuard.swift in Sources */ = {isa = PBXBuildFile; fileRef = C5E6B26DEEA3D793E9662565 /* SingleInstanceGuard.swift */; };
		54879D1197E316FF5D8E850C /* ICloudPairingShare.swift in Sources */ = {isa = PBXBuildFile; fileRef = 07284E1B67FC68DD065AE569 /* ICloudPairingShare.swift */; };
		5964E5F85445BA4E03FB8918 /* PeerChannel.swift in Sources */ = {isa = PBXBuildFile; fileRef = 6C968B611C6363C9AE95BC76 /* PeerChannel.swift */; };
		59CDBEA87FF250980897F8BF /* SyncTarget.swift in Sources */ = {isa = PBXBuildFile; fileRef = 2022822ED00FD6970AA5D895 /* SyncTarget.swift */; };
		5CB64237B33E45EEEE036237 /* FileSyncActorTests.swift in Sources */ = {isa = PBXBuildFile; fileRef = 348FDC5BF82B0A52AF3559E7 /* FileSyncActorTests.swift */; };
		5ED5687D403E44EA916C0E49 /* V12RegressionTests.swift in Sources */ = {isa = PBXBuildFile; fileRef = C3DB1DDAAB2C8DDFF90FC737 /* V12RegressionTests.swift */; };
		6ABF325BA5EBE7560FE0CC3D /* FileWatcherActorTests.swift in Sources */ = {isa = PBXBuildFile; fileRef = 02F8D0DD1CFC7D359F03631D /* FileWatcherActorTests.swift */; };
		6D1E094A5053B94DB7E63067 /* LaunchAtLogin.swift in Sources */ = {isa = PBXBuildFile; fileRef = 5435A7DAF236C2F89C881705 /* LaunchAtLogin.swift */; };
		6F25E5A17A1FD71187F332A1 /* PairingManagerTests.swift in Sources */ = {isa = PBXBuildFile; fileRef = 80D2886C548419995CA08D74 /* PairingManagerTests.swift */; };
		76690AF9AC7DD0F538EB415C /* OnboardingViewModelTests.swift in Sources */ = {isa = PBXBuildFile; fileRef = E95E08FB56CAAD6545CA311E /* OnboardingViewModelTests.swift */; };
		76D781C01DE777D21A619AD3 /* ConflictResolverTests.swift in Sources */ = {isa = PBXBuildFile; fileRef = 35B75ACC6CCAA51FC6D0D147 /* ConflictResolverTests.swift */; };
		770F7A1F10F9D5251FA9E127 /* ICloudDrivePairingShare.swift in Sources */ = {isa = PBXBuildFile; fileRef = 808B882CD56F40F40970F1F0 /* ICloudDrivePairingShare.swift */; };
		771C21C81EF54022CE02BD97 /* NetworkResilience.swift in Sources */ = {isa = PBXBuildFile; fileRef = 008437A6A47427D8CEF5BD9A /* NetworkResilience.swift */; };
		7A1A77478289727A3AC81429 /* FileWatcherActor.swift in Sources */ = {isa = PBXBuildFile; fileRef = 7C73D88ABB126DACA640C544 /* FileWatcherActor.swift */; };
		7B5CEFC36CDFFB77745AD7EE /* SyncJobTests.swift in Sources */ = {isa = PBXBuildFile; fileRef = 5BAE739CA62519CE2A87E726 /* SyncJobTests.swift */; };
		7B9DE4E3DB3202BDDA3605AF /* LaunchAtLoginTests.swift in Sources */ = {isa = PBXBuildFile; fileRef = B14E7A01EC5DC42F43796A66 /* LaunchAtLoginTests.swift */; };
		81FA87FE154E6B0C2B01DE32 /* ConflictResolver.swift in Sources */ = {isa = PBXBuildFile; fileRef = 031281DB01560E1E948A2960 /* ConflictResolver.swift */; };
		827DAAFF325BA5330279D06F /* BatchAccumulator.swift in Sources */ = {isa = PBXBuildFile; fileRef = 894D0D870EBEEE5FDBBB0D37 /* BatchAccumulator.swift */; };
		846A19EE944152C45CAEFF76 /* IgnorePatterns.swift in Sources */ = {isa = PBXBuildFile; fileRef = 3FC2CDCB2F0F944CF2971286 /* IgnorePatterns.swift */; };
		86C9E1BBF8224185B16004D1 /* Assets.xcassets in Resources */ = {isa = PBXBuildFile; fileRef = 55518792E8AF671CD3613D86 /* Assets.xcassets */; };
		881FD09296C231CFE0ABCE39 /* PairingManager.swift in Sources */ = {isa = PBXBuildFile; fileRef = 32BD53E66FC3052561953FE7 /* PairingManager.swift */; };
		88A62BAAEBC2F3420A2CAE61 /* FSEventStreamWatcher.swift in Sources */ = {isa = PBXBuildFile; fileRef = 29147CFD772B9599044D59DB /* FSEventStreamWatcher.swift */; };
		8E6EEE325ECCA2A5FE229187 /* PeerChannelTests.swift in Sources */ = {isa = PBXBuildFile; fileRef = 8420E095ECCB029897147338 /* PeerChannelTests.swift */; };
		95D40F596A6872EA210F02F1 /* SSHConnectivityChecker.swift in Sources */ = {isa = PBXBuildFile; fileRef = 8D40097EDC36A59BEE98010B /* SSHConnectivityChecker.swift */; };
		99D03AAB89CE15C57F65CE8F /* PreflightTests.swift in Sources */ = {isa = PBXBuildFile; fileRef = 25A72329E7D5984988D4D909 /* PreflightTests.swift */; };
		A0460B7BAB325208C53E8EDC /* SyncCoordinatorTests.swift in Sources */ = {isa = PBXBuildFile; fileRef = EAA0918C59393731747B824D /* SyncCoordinatorTests.swift */; };
		A89B611AD1B185B4BD6167F8 /* Logger.swift in Sources */ = {isa = PBXBuildFile; fileRef = 634A274E78BF016F31B1D3D0 /* Logger.swift */; };
		AA15FA96F509FE4309BC8351 /* SettingsView.swift in Sources */ = {isa = PBXBuildFile; fileRef = 513895AA1EA1A107B4F0095C /* SettingsView.swift */; };
		ADC5FD2D5523BB1B3C4E1A62 /* RemoteLoginPreflight.swift in Sources */ = {isa = PBXBuildFile; fileRef = 12DCE2BD4C7231B01FFB7FEC /* RemoteLoginPreflight.swift */; };
		B1C6840F529ECDCBCE9FC775 /* OnboardingViewModel.swift in Sources */ = {isa = PBXBuildFile; fileRef = C62BEB790FC1C97BE7B0AFA4 /* OnboardingViewModel.swift */; };
		B6F8E7CBCCC33DC70EEFA29A /* EndToEndSyncTests.swift in Sources */ = {isa = PBXBuildFile; fileRef = 82D710A270DA773C518D7A03 /* EndToEndSyncTests.swift */; };
		B8A1AE483C7F83CC703BCBD9 /* SyncHistory.swift in Sources */ = {isa = PBXBuildFile; fileRef = C2FAFB9DE91F4DFB3E893A89 /* SyncHistory.swift */; };
		C1C383DECEFF586BCAD29CDE /* PreferencesTests.swift in Sources */ = {isa = PBXBuildFile; fileRef = 014E0BEAB16D1EAC03A9CAD2 /* PreferencesTests.swift */; };
		C4F65480F5324ADF21D6C27E /* SSHKeyManager.swift in Sources */ = {isa = PBXBuildFile; fileRef = 625BBF39BA27174507DFA0B7 /* SSHKeyManager.swift */; };
		CDB0E24ED96AE7C31C7330E5 /* ClaudeSyncApp.swift in Sources */ = {isa = PBXBuildFile; fileRef = 428ACB158E1E4695B0575210 /* ClaudeSyncApp.swift */; };
		D69B005326234C095A7B3018 /* PeerDiscoveryTests.swift in Sources */ = {isa = PBXBuildFile; fileRef = 8FB06AF76410178B28249F13 /* PeerDiscoveryTests.swift */; };
		D843B3D629C40496616DF373 /* DebouncerTests.swift in Sources */ = {isa = PBXBuildFile; fileRef = 8F9B11C4F6FDCBA51D1D6799 /* DebouncerTests.swift */; };
		DCAC9A1B1A8A25C7B85C56CA /* SmokeTests.swift in Sources */ = {isa = PBXBuildFile; fileRef = 2C6DC1F1BED2C847D1D293D4 /* SmokeTests.swift */; };
		DF4DDEB42273DD3CA0D89BEE /* PeerInfo.swift in Sources */ = {isa = PBXBuildFile; fileRef = EE5E3F6DFDCCC1CC79B3EBD8 /* PeerInfo.swift */; };
		E2A127CA229261EE2B1ACF5E /* RsyncCommandBuilder.swift in Sources */ = {isa = PBXBuildFile; fileRef = 7918C8B6132F44C13B2CA622 /* RsyncCommandBuilder.swift */; };
		E2FAC13445B20BB8328CF4D0 /* Debouncer.swift in Sources */ = {isa = PBXBuildFile; fileRef = AA1C492A29547E48309C58E5 /* Debouncer.swift */; };
		E498546006E02EBAE9FB4F2F /* SyncTargetTests.swift in Sources */ = {isa = PBXBuildFile; fileRef = B9CF12E964F20F2544CC23F6 /* SyncTargetTests.swift */; };
		E9B0FBE1BE34240EAC049BBD /* FileSyncActor.swift in Sources */ = {isa = PBXBuildFile; fileRef = C574D5D22AAACC0CDBE2FF75 /* FileSyncActor.swift */; };
		EB1966D2087CFFC0FABBB4CE /* PreferencesIntegrity.swift in Sources */ = {isa = PBXBuildFile; fileRef = 17273943AA1A9C8979FFAB9B /* PreferencesIntegrity.swift */; };
		EBAFFE779D3A1DCA4BA3821B /* RsyncCommandBuilderTests.swift in Sources */ = {isa = PBXBuildFile; fileRef = 6DC91681C33A2C6E557B6D6F /* RsyncCommandBuilderTests.swift */; };
		ED07BF95408B72A828CD3D2C /* Preferences.swift in Sources */ = {isa = PBXBuildFile; fileRef = F9559DBE1B2B5C041456EF0E /* Preferences.swift */; };
		EE0E189D2B5CBCBE00B8B20F /* V122RegressionTests.swift in Sources */ = {isa = PBXBuildFile; fileRef = 3135BB05B3BA30E9F8491AB7 /* V122RegressionTests.swift */; };
		F352209B6E66990099F6131A /* FirstLaunchPairingView.swift in Sources */ = {isa = PBXBuildFile; fileRef = CB6F0A48BFC58349163093C5 /* FirstLaunchPairingView.swift */; };
		F62DBB79BF365425493BE6EF /* SyncJob.swift in Sources */ = {isa = PBXBuildFile; fileRef = 3E8B431158B8F65F38BF4FBD /* SyncJob.swift */; };
		FB1EFDC6FC42BEBBE9CDEA8D /* FrameCodec.swift in Sources */ = {isa = PBXBuildFile; fileRef = 7CAE5197D0F8897190F246B6 /* FrameCodec.swift */; };
/* End PBXBuildFile section */

/* Begin PBXContainerItemProxy section */
		B8C7EBB934AF9FD53D796BDC /* PBXContainerItemProxy */ = {
			isa = PBXContainerItemProxy;
			containerPortal = C11BE2998A4369D474FCF140 /* Project object */;
			proxyType = 1;
			remoteGlobalIDString = B31A59E8B1BEC694FE0E5EB9;
			remoteInfo = ClaudeSync;
		};
/* End PBXContainerItemProxy section */

/* Begin PBXFileReference section */
		0014BFEE0D215AD25AAF3489 /* BatchAccumulatorTests.swift */ = {isa = PBXFileReference; lastKnownFileType = sourcecode.swift; path = BatchAccumulatorTests.swift; sourceTree = "<group>"; };
		008437A6A47427D8CEF5BD9A /* NetworkResilience.swift */ = {isa = PBXFileReference; lastKnownFileType = sourcecode.swift; path = NetworkResilience.swift; sourceTree = "<group>"; };
		014E0BEAB16D1EAC03A9CAD2 /* PreferencesTests.swift */ = {isa = PBXFileReference; lastKnownFileType = sourcecode.swift; path = PreferencesTests.swift; sourceTree = "<group>"; };
		02F8D0DD1CFC7D359F03631D /* FileWatcherActorTests.swift */ = {isa = PBXFileReference; lastKnownFileType = sourcecode.swift; path = FileWatcherActorTests.swift; sourceTree = "<group>"; };
		031281DB01560E1E948A2960 /* ConflictResolver.swift */ = {isa = PBXFileReference; lastKnownFileType = sourcecode.swift; path = ConflictResolver.swift; sourceTree = "<group>"; };
		07284E1B67FC68DD065AE569 /* ICloudPairingShare.swift */ = {isa = PBXFileReference; lastKnownFileType = sourcecode.swift; path = ICloudPairingShare.swift; sourceTree = "<group>"; };
		0B1E88C251EED254B50EB0ED /* ControlMessage.swift */ = {isa = PBXFileReference; lastKnownFileType = sourcecode.swift; path = ControlMessage.swift; sourceTree = "<group>"; };
		12DCE2BD4C7231B01FFB7FEC /* RemoteLoginPreflight.swift */ = {isa = PBXFileReference; lastKnownFileType = sourcecode.swift; path = RemoteLoginPreflight.swift; sourceTree = "<group>"; };
		17273943AA1A9C8979FFAB9B /* PreferencesIntegrity.swift */ = {isa = PBXFileReference; lastKnownFileType = sourcecode.swift; path = PreferencesIntegrity.swift; sourceTree = "<group>"; };
		1816DB0502F6CCFA55FF4DA7 /* SSHKeyManagerTests.swift */ = {isa = PBXFileReference; lastKnownFileType = sourcecode.swift; path = SSHKeyManagerTests.swift; sourceTree = "<group>"; };
		2022822ED00FD6970AA5D895 /* SyncTarget.swift */ = {isa = PBXFileReference; lastKnownFileType = sourcecode.swift; path = SyncTarget.swift; sourceTree = "<group>"; };
		2106FF7B3C28C6A7E97943FB /* SyncHistoryTests.swift */ = {isa = PBXFileReference; lastKnownFileType = sourcecode.swift; path = SyncHistoryTests.swift; sourceTree = "<group>"; };
		25A72329E7D5984988D4D909 /* PreflightTests.swift */ = {isa = PBXFileReference; lastKnownFileType = sourcecode.swift; path = PreflightTests.swift; sourceTree = "<group>"; };
		28AA9AC25BFDEC1EBAF0D940 /* FullDiskAccessChecker.swift */ = {isa = PBXFileReference; lastKnownFileType = sourcecode.swift; path = FullDiskAccessChecker.swift; sourceTree = "<group>"; };
		29147CFD772B9599044D59DB /* FSEventStreamWatcher.swift */ = {isa = PBXFileReference; lastKnownFileType = sourcecode.swift; path = FSEventStreamWatcher.swift; sourceTree = "<group>"; };
		2C6DC1F1BED2C847D1D293D4 /* SmokeTests.swift */ = {isa = PBXFileReference; lastKnownFileType = sourcecode.swift; path = SmokeTests.swift; sourceTree = "<group>"; };
		2CFE1808B706A0E5F580257D /* TLSCertificateProvider.swift */ = {isa = PBXFileReference; lastKnownFileType = sourcecode.swift; path = TLSCertificateProvider.swift; sourceTree = "<group>"; };
		3135BB05B3BA30E9F8491AB7 /* V122RegressionTests.swift */ = {isa = PBXFileReference; lastKnownFileType = sourcecode.swift; path = V122RegressionTests.swift; sourceTree = "<group>"; };
		32BD53E66FC3052561953FE7 /* PairingManager.swift */ = {isa = PBXFileReference; lastKnownFileType = sourcecode.swift; path = PairingManager.swift; sourceTree = "<group>"; };
		348FDC5BF82B0A52AF3559E7 /* FileSyncActorTests.swift */ = {isa = PBXFileReference; lastKnownFileType = sourcecode.swift; path = FileSyncActorTests.swift; sourceTree = "<group>"; };
		35B75ACC6CCAA51FC6D0D147 /* ConflictResolverTests.swift */ = {isa = PBXFileReference; lastKnownFileType = sourcecode.swift; path = ConflictResolverTests.swift; sourceTree = "<group>"; };
		3A70745984D16F1F219E2287 /* ClaudeSyncProtocolFramer.swift */ = {isa = PBXFileReference; lastKnownFileType = sourcecode.swift; path = ClaudeSyncProtocolFramer.swift; sourceTree = "<group>"; };
		3E8B431158B8F65F38BF4FBD /* SyncJob.swift */ = {isa = PBXFileReference; lastKnownFileType = sourcecode.swift; path = SyncJob.swift; sourceTree = "<group>"; };
		3FC2CDCB2F0F944CF2971286 /* IgnorePatterns.swift */ = {isa = PBXFileReference; lastKnownFileType = sourcecode.swift; path = IgnorePatterns.swift; sourceTree = "<group>"; };
		428ACB158E1E4695B0575210 /* ClaudeSyncApp.swift */ = {isa = PBXFileReference; lastKnownFileType = sourcecode.swift; path = ClaudeSyncApp.swift; sourceTree = "<group>"; };
		4785886D091FF351E63ED337 /* NWConnectionPeerChannel.swift */ = {isa = PBXFileReference; lastKnownFileType = sourcecode.swift; path = NWConnectionPeerChannel.swift; sourceTree = "<group>"; };
		491841234764329A7B8ED26B /* SystemSettingsLink.swift */ = {isa = PBXFileReference; lastKnownFileType = sourcecode.swift; path = SystemSettingsLink.swift; sourceTree = "<group>"; };
		513895AA1EA1A107B4F0095C /* SettingsView.swift */ = {isa = PBXFileReference; lastKnownFileType = sourcecode.swift; path = SettingsView.swift; sourceTree = "<group>"; };
		5435A7DAF236C2F89C881705 /* LaunchAtLogin.swift */ = {isa = PBXFileReference; lastKnownFileType = sourcecode.swift; path = LaunchAtLogin.swift; sourceTree = "<group>"; };
		55518792E8AF671CD3613D86 /* Assets.xcassets */ = {isa = PBXFileReference; lastKnownFileType = folder.assetcatalog; path = Assets.xcassets; sourceTree = "<group>"; };
		5975C47C70670CD6B910D202 /* MenuBarRootView.swift */ = {isa = PBXFileReference; lastKnownFileType = sourcecode.swift; path = MenuBarRootView.swift; sourceTree = "<group>"; };
		5BAE739CA62519CE2A87E726 /* SyncJobTests.swift */ = {isa = PBXFileReference; lastKnownFileType = sourcecode.swift; path = SyncJobTests.swift; sourceTree = "<group>"; };
		625BBF39BA27174507DFA0B7 /* SSHKeyManager.swift */ = {isa = PBXFileReference; lastKnownFileType = sourcecode.swift; path = SSHKeyManager.swift; sourceTree = "<group>"; };
		62A8E2A48BD8B4CD03A7A91F /* FSEventStreamWatcherTests.swift */ = {isa = PBXFileReference; lastKnownFileType = sourcecode.swift; path = FSEventStreamWatcherTests.swift; sourceTree = "<group>"; };
		634A274E78BF016F31B1D3D0 /* Logger.swift */ = {isa = PBXFileReference; lastKnownFileType = sourcecode.swift; path = Logger.swift; sourceTree = "<group>"; };
		6565E6BA12EA04E98F16C379 /* V11RegressionTests.swift */ = {isa = PBXFileReference; lastKnownFileType = sourcecode.swift; path = V11RegressionTests.swift; sourceTree = "<group>"; };
		6C968B611C6363C9AE95BC76 /* PeerChannel.swift */ = {isa = PBXFileReference; lastKnownFileType = sourcecode.swift; path = PeerChannel.swift; sourceTree = "<group>"; };
		6DC91681C33A2C6E557B6D6F /* RsyncCommandBuilderTests.swift */ = {isa = PBXFileReference; lastKnownFileType = sourcecode.swift; path = RsyncCommandBuilderTests.swift; sourceTree = "<group>"; };
		71D26AE8DF4DEAC723DBF5E1 /* V101RegressionTests.swift */ = {isa = PBXFileReference; lastKnownFileType = sourcecode.swift; path = V101RegressionTests.swift; sourceTree = "<group>"; };
		7918C8B6132F44C13B2CA622 /* RsyncCommandBuilder.swift */ = {isa = PBXFileReference; lastKnownFileType = sourcecode.swift; path = RsyncCommandBuilder.swift; sourceTree = "<group>"; };
		7B2905621C529D18F56265E0 /* ClaudeSync.app */ = {isa = PBXFileReference; explicitFileType = wrapper.application; includeInIndex = 0; path = ClaudeSync.app; sourceTree = BUILT_PRODUCTS_DIR; };
		7C73D88ABB126DACA640C544 /* FileWatcherActor.swift */ = {isa = PBXFileReference; lastKnownFileType = sourcecode.swift; path = FileWatcherActor.swift; sourceTree = "<group>"; };
		7CAE5197D0F8897190F246B6 /* FrameCodec.swift */ = {isa = PBXFileReference; lastKnownFileType = sourcecode.swift; path = FrameCodec.swift; sourceTree = "<group>"; };
		808B882CD56F40F40970F1F0 /* ICloudDrivePairingShare.swift */ = {isa = PBXFileReference; lastKnownFileType = sourcecode.swift; path = ICloudDrivePairingShare.swift; sourceTree = "<group>"; };
		80D2886C548419995CA08D74 /* PairingManagerTests.swift */ = {isa = PBXFileReference; lastKnownFileType = sourcecode.swift; path = PairingManagerTests.swift; sourceTree = "<group>"; };
		82D710A270DA773C518D7A03 /* EndToEndSyncTests.swift */ = {isa = PBXFileReference; lastKnownFileType = sourcecode.swift; path = EndToEndSyncTests.swift; sourceTree = "<group>"; };
		8420E095ECCB029897147338 /* PeerChannelTests.swift */ = {isa = PBXFileReference; lastKnownFileType = sourcecode.swift; path = PeerChannelTests.swift; sourceTree = "<group>"; };
		87F1F5970FD24826B7A276F5 /* ClaudeSyncTests.xctest */ = {isa = PBXFileReference; explicitFileType = wrapper.cfbundle; includeInIndex = 0; path = ClaudeSyncTests.xctest; sourceTree = BUILT_PRODUCTS_DIR; };
		88218E629F24BD5A9B2121A7 /* PeerDiscoveryActor.swift */ = {isa = PBXFileReference; lastKnownFileType = sourcecode.swift; path = PeerDiscoveryActor.swift; sourceTree = "<group>"; };
		894D0D870EBEEE5FDBBB0D37 /* BatchAccumulator.swift */ = {isa = PBXFileReference; lastKnownFileType = sourcecode.swift; path = BatchAccumulator.swift; sourceTree = "<group>"; };
		8D40097EDC36A59BEE98010B /* SSHConnectivityChecker.swift */ = {isa = PBXFileReference; lastKnownFileType = sourcecode.swift; path = SSHConnectivityChecker.swift; sourceTree = "<group>"; };
		8F9B11C4F6FDCBA51D1D6799 /* DebouncerTests.swift */ = {isa = PBXFileReference; lastKnownFileType = sourcecode.swift; path = DebouncerTests.swift; sourceTree = "<group>"; };
		8FB06AF76410178B28249F13 /* PeerDiscoveryTests.swift */ = {isa = PBXFileReference; lastKnownFileType = sourcecode.swift; path = PeerDiscoveryTests.swift; sourceTree = "<group>"; };
		9335166A7DC5EBB753443062 /* PairingCodeGenerator.swift */ = {isa = PBXFileReference; lastKnownFileType = sourcecode.swift; path = PairingCodeGenerator.swift; sourceTree = "<group>"; };
		9F847369BD857C28515439FE /* ControlMessageCodecTests.swift */ = {isa = PBXFileReference; lastKnownFileType = sourcecode.swift; path = ControlMessageCodecTests.swift; sourceTree = "<group>"; };
		A60170142331AED7FD2641DC /* AppEnvironment.swift */ = {isa = PBXFileReference; lastKnownFileType = sourcecode.swift; path = AppEnvironment.swift; sourceTree = "<group>"; };
		AA1C492A29547E48309C58E5 /* Debouncer.swift */ = {isa = PBXFileReference; lastKnownFileType = sourcecode.swift; path = Debouncer.swift; sourceTree = "<group>"; };
		AEB36691E30B5A3442852A5A /* ProcessRunner.swift */ = {isa = PBXFileReference; lastKnownFileType = sourcecode.swift; path = ProcessRunner.swift; sourceTree = "<group>"; };
		B14E7A01EC5DC42F43796A66 /* LaunchAtLoginTests.swift */ = {isa = PBXFileReference; lastKnownFileType = sourcecode.swift; path = LaunchAtLoginTests.swift; sourceTree = "<group>"; };
		B9CF12E964F20F2544CC23F6 /* SyncTargetTests.swift */ = {isa = PBXFileReference; lastKnownFileType = sourcecode.swift; path = SyncTargetTests.swift; sourceTree = "<group>"; };
		C2FAFB9DE91F4DFB3E893A89 /* SyncHistory.swift */ = {isa = PBXFileReference; lastKnownFileType = sourcecode.swift; path = SyncHistory.swift; sourceTree = "<group>"; };
		C3DB1DDAAB2C8DDFF90FC737 /* V12RegressionTests.swift */ = {isa = PBXFileReference; lastKnownFileType = sourcecode.swift; path = V12RegressionTests.swift; sourceTree = "<group>"; };
		C574D5D22AAACC0CDBE2FF75 /* FileSyncActor.swift */ = {isa = PBXFileReference; lastKnownFileType = sourcecode.swift; path = FileSyncActor.swift; sourceTree = "<group>"; };
		C5E6B26DEEA3D793E9662565 /* SingleInstanceGuard.swift */ = {isa = PBXFileReference; lastKnownFileType = sourcecode.swift; path = SingleInstanceGuard.swift; sourceTree = "<group>"; };
		C62BEB790FC1C97BE7B0AFA4 /* OnboardingViewModel.swift */ = {isa = PBXFileReference; lastKnownFileType = sourcecode.swift; path = OnboardingViewModel.swift; sourceTree = "<group>"; };
		CB6F0A48BFC58349163093C5 /* FirstLaunchPairingView.swift */ = {isa = PBXFileReference; lastKnownFileType = sourcecode.swift; path = FirstLaunchPairingView.swift; sourceTree = "<group>"; };
		CC417E1991C3AB1F21D97317 /* SyncCoordinator.swift */ = {isa = PBXFileReference; lastKnownFileType = sourcecode.swift; path = SyncCoordinator.swift; sourceTree = "<group>"; };
		E95E08FB56CAAD6545CA311E /* OnboardingViewModelTests.swift */ = {isa = PBXFileReference; lastKnownFileType = sourcecode.swift; path = OnboardingViewModelTests.swift; sourceTree = "<group>"; };
		EAA0918C59393731747B824D /* SyncCoordinatorTests.swift */ = {isa = PBXFileReference; lastKnownFileType = sourcecode.swift; path = SyncCoordinatorTests.swift; sourceTree = "<group>"; };
		EE5E3F6DFDCCC1CC79B3EBD8 /* PeerInfo.swift */ = {isa = PBXFileReference; lastKnownFileType = sourcecode.swift; path = PeerInfo.swift; sourceTree = "<group>"; };
		F37E848B9CD13F8D04B4E844 /* PairingCodeGeneratorTests.swift */ = {isa = PBXFileReference; lastKnownFileType = sourcecode.swift; path = PairingCodeGeneratorTests.swift; sourceTree = "<group>"; };
		F9559DBE1B2B5C041456EF0E /* Preferences.swift */ = {isa = PBXFileReference; lastKnownFileType = sourcecode.swift; path = Preferences.swift; sourceTree = "<group>"; };
		FA827CB6F146C2A5FFD87B42 /* V121RegressionTests.swift */ = {isa = PBXFileReference; lastKnownFileType = sourcecode.swift; path = V121RegressionTests.swift; sourceTree = "<group>"; };
		FAABF5C5BB36B0BAC201C96A /* EndToEndPairingTests.swift */ = {isa = PBXFileReference; lastKnownFileType = sourcecode.swift; path = EndToEndPairingTests.swift; sourceTree = "<group>"; };
/* End PBXFileReference section */

/* Begin PBXGroup section */
		0BBAD197DDF8288AF37C19F8 /* Persistence */ = {
			isa = PBXGroup;
			children = (
				F9559DBE1B2B5C041456EF0E /* Preferences.swift */,
				17273943AA1A9C8979FFAB9B /* PreferencesIntegrity.swift */,
				C2FAFB9DE91F4DFB3E893A89 /* SyncHistory.swift */,
			);
			path = Persistence;
			sourceTree = "<group>";
		};
		19001F75DF08CE649878A30A /* FileWatcher */ = {
			isa = PBXGroup;
			children = (
				AA1C492A29547E48309C58E5 /* Debouncer.swift */,
				7C73D88ABB126DACA640C544 /* FileWatcherActor.swift */,
				29147CFD772B9599044D59DB /* FSEventStreamWatcher.swift */,
			);
			path = FileWatcher;
			sourceTree = "<group>";
		};
		268973E13567FE1EE719D039 /* Utilities */ = {
			isa = PBXGroup;
			children = (
				5435A7DAF236C2F89C881705 /* LaunchAtLogin.swift */,
				634A274E78BF016F31B1D3D0 /* Logger.swift */,
				008437A6A47427D8CEF5BD9A /* NetworkResilience.swift */,
				AEB36691E30B5A3442852A5A /* ProcessRunner.swift */,
				C5E6B26DEEA3D793E9662565 /* SingleInstanceGuard.swift */,
			);
			path = Utilities;
			sourceTree = "<group>";
		};
		2C4CB7448C37E0E997EC6ED6 /* Sync */ = {
			isa = PBXGroup;
			children = (
				894D0D870EBEEE5FDBBB0D37 /* BatchAccumulator.swift */,
				031281DB01560E1E948A2960 /* ConflictResolver.swift */,
				C574D5D22AAACC0CDBE2FF75 /* FileSyncActor.swift */,
				3FC2CDCB2F0F944CF2971286 /* IgnorePatterns.swift */,
				7918C8B6132F44C13B2CA622 /* RsyncCommandBuilder.swift */,
				3E8B431158B8F65F38BF4FBD /* SyncJob.swift */,
				2022822ED00FD6970AA5D895 /* SyncTarget.swift */,
			);
			path = Sync;
			sourceTree = "<group>";
		};
		4DFD336CDC26CDF886C14E71 /* Preflight */ = {
			isa = PBXGroup;
			children = (
				28AA9AC25BFDEC1EBAF0D940 /* FullDiskAccessChecker.swift */,
				12DCE2BD4C7231B01FFB7FEC /* RemoteLoginPreflight.swift */,
				8D40097EDC36A59BEE98010B /* SSHConnectivityChecker.swift */,
				491841234764329A7B8ED26B /* SystemSettingsLink.swift */,
			);
			path = Preflight;
			sourceTree = "<group>";
		};
		5EF142104F03A8BE9880A7C5 /* Coordinator */ = {
			isa = PBXGroup;
			children = (
				CC417E1991C3AB1F21D97317 /* SyncCoordinator.swift */,
			);
			path = Coordinator;
			sourceTree = "<group>";
		};
		66405500C56E9081D8596A8A /* PackageSync */ = {
			isa = PBXGroup;
			children = (
			);
			path = PackageSync;
			sourceTree = "<group>";
		};
		AB4DC395C4E5A224EFDDCA8A /* ClaudeSyncTests */ = {
			isa = PBXGroup;
			children = (
				0014BFEE0D215AD25AAF3489 /* BatchAccumulatorTests.swift */,
				35B75ACC6CCAA51FC6D0D147 /* ConflictResolverTests.swift */,
				9F847369BD857C28515439FE /* ControlMessageCodecTests.swift */,
				8F9B11C4F6FDCBA51D1D6799 /* DebouncerTests.swift */,
				FAABF5C5BB36B0BAC201C96A /* EndToEndPairingTests.swift */,
				82D710A270DA773C518D7A03 /* EndToEndSyncTests.swift */,
				348FDC5BF82B0A52AF3559E7 /* FileSyncActorTests.swift */,
				02F8D0DD1CFC7D359F03631D /* FileWatcherActorTests.swift */,
				62A8E2A48BD8B4CD03A7A91F /* FSEventStreamWatcherTests.swift */,
				B14E7A01EC5DC42F43796A66 /* LaunchAtLoginTests.swift */,
				E95E08FB56CAAD6545CA311E /* OnboardingViewModelTests.swift */,
				F37E848B9CD13F8D04B4E844 /* PairingCodeGeneratorTests.swift */,
				80D2886C548419995CA08D74 /* PairingManagerTests.swift */,
				8420E095ECCB029897147338 /* PeerChannelTests.swift */,
				8FB06AF76410178B28249F13 /* PeerDiscoveryTests.swift */,
				014E0BEAB16D1EAC03A9CAD2 /* PreferencesTests.swift */,
				25A72329E7D5984988D4D909 /* PreflightTests.swift */,
				6DC91681C33A2C6E557B6D6F /* RsyncCommandBuilderTests.swift */,
				2C6DC1F1BED2C847D1D293D4 /* SmokeTests.swift */,
				1816DB0502F6CCFA55FF4DA7 /* SSHKeyManagerTests.swift */,
				EAA0918C59393731747B824D /* SyncCoordinatorTests.swift */,
				2106FF7B3C28C6A7E97943FB /* SyncHistoryTests.swift */,
				5BAE739CA62519CE2A87E726 /* SyncJobTests.swift */,
				B9CF12E964F20F2544CC23F6 /* SyncTargetTests.swift */,
				6565E6BA12EA04E98F16C379 /* V11RegressionTests.swift */,
				C3DB1DDAAB2C8DDFF90FC737 /* V12RegressionTests.swift */,
				71D26AE8DF4DEAC723DBF5E1 /* V101RegressionTests.swift */,
				FA827CB6F146C2A5FFD87B42 /* V121RegressionTests.swift */,
				3135BB05B3BA30E9F8491AB7 /* V122RegressionTests.swift */,
			);
			path = ClaudeSyncTests;
			sourceTree = "<group>";
		};
		BC57C013026BE6CF59E35513 /* Pairing */ = {
			isa = PBXGroup;
			children = (
				4DFD336CDC26CDF886C14E71 /* Preflight */,
				808B882CD56F40F40970F1F0 /* ICloudDrivePairingShare.swift */,
				07284E1B67FC68DD065AE569 /* ICloudPairingShare.swift */,
				9335166A7DC5EBB753443062 /* PairingCodeGenerator.swift */,
				32BD53E66FC3052561953FE7 /* PairingManager.swift */,
			);
			path = Pairing;
			sourceTree = "<group>";
		};
		D3E67FFA6FCCA9A663F0AD37 /* Discovery */ = {
			isa = PBXGroup;
			children = (
				3A70745984D16F1F219E2287 /* ClaudeSyncProtocolFramer.swift */,
				0B1E88C251EED254B50EB0ED /* ControlMessage.swift */,
				7CAE5197D0F8897190F246B6 /* FrameCodec.swift */,
				4785886D091FF351E63ED337 /* NWConnectionPeerChannel.swift */,
				6C968B611C6363C9AE95BC76 /* PeerChannel.swift */,
				88218E629F24BD5A9B2121A7 /* PeerDiscoveryActor.swift */,
				EE5E3F6DFDCCC1CC79B3EBD8 /* PeerInfo.swift */,
				2CFE1808B706A0E5F580257D /* TLSCertificateProvider.swift */,
			);
			path = Discovery;
			sourceTree = "<group>";
		};
		DA811A94DEEF7C20737F9DEA /* ClaudeSync */ = {
			isa = PBXGroup;
			children = (
				F492186AAF22C2FE4C191E16 /* App */,
				5EF142104F03A8BE9880A7C5 /* Coordinator */,
				D3E67FFA6FCCA9A663F0AD37 /* Discovery */,
				19001F75DF08CE649878A30A /* FileWatcher */,
				66405500C56E9081D8596A8A /* PackageSync */,
				BC57C013026BE6CF59E35513 /* Pairing */,
				0BBAD197DDF8288AF37C19F8 /* Persistence */,
				E75F031EA3451B3C6339F8C6 /* Resources */,
				F93BDDECE7F7ACD4C58D1711 /* SSH */,
				2C4CB7448C37E0E997EC6ED6 /* Sync */,
				E87505E13665B0BDEBA573EB /* UI */,
				268973E13567FE1EE719D039 /* Utilities */,
			);
			path = ClaudeSync;
			sourceTree = "<group>";
		};
		DD6E61272FB9CF3999F76E87 /* Products */ = {
			isa = PBXGroup;
			children = (
				7B2905621C529D18F56265E0 /* ClaudeSync.app */,
				87F1F5970FD24826B7A276F5 /* ClaudeSyncTests.xctest */,
			);
			name = Products;
			sourceTree = "<group>";
		};
		E4F3D9956CCD8CB9CF79CA69 = {
			isa = PBXGroup;
			children = (
				DA811A94DEEF7C20737F9DEA /* ClaudeSync */,
				AB4DC395C4E5A224EFDDCA8A /* ClaudeSyncTests */,
				DD6E61272FB9CF3999F76E87 /* Products */,
			);
			sourceTree = "<group>";
		};
		E75F031EA3451B3C6339F8C6 /* Resources */ = {
			isa = PBXGroup;
			children = (
				55518792E8AF671CD3613D86 /* Assets.xcassets */,
			);
			path = Resources;
			sourceTree = "<group>";
		};
		E87505E13665B0BDEBA573EB /* UI */ = {
			isa = PBXGroup;
			children = (
				CB6F0A48BFC58349163093C5 /* FirstLaunchPairingView.swift */,
				5975C47C70670CD6B910D202 /* MenuBarRootView.swift */,
				C62BEB790FC1C97BE7B0AFA4 /* OnboardingViewModel.swift */,
				513895AA1EA1A107B4F0095C /* SettingsView.swift */,
			);
			path = UI;
			sourceTree = "<group>";
		};
		F492186AAF22C2FE4C191E16 /* App */ = {
			isa = PBXGroup;
			children = (
				A60170142331AED7FD2641DC /* AppEnvironment.swift */,
				428ACB158E1E4695B0575210 /* ClaudeSyncApp.swift */,
			);
			path = App;
			sourceTree = "<group>";
		};
		F93BDDECE7F7ACD4C58D1711 /* SSH */ = {
			isa = PBXGroup;
			children = (
				625BBF39BA27174507DFA0B7 /* SSHKeyManager.swift */,
			);
			path = SSH;
			sourceTree = "<group>";
		};
/* End PBXGroup section */

/* Begin PBXNativeTarget section */
		543275E899AFFD09266D4FD6 /* ClaudeSyncTests */ = {
			isa = PBXNativeTarget;
			buildConfigurationList = F4EFC4CAB516248948FD04ED /* Build configuration list for PBXNativeTarget "ClaudeSyncTests" */;
			buildPhases = (
				17F159BAD7EBFE0E7401F026 /* Sources */,
			);
			buildRules = (
			);
			dependencies = (
				69FA306CD4601679117CF7EB /* PBXTargetDependency */,
			);
			name = ClaudeSyncTests;
			packageProductDependencies = (
			);
			productName = ClaudeSyncTests;
			productReference = 87F1F5970FD24826B7A276F5 /* ClaudeSyncTests.xctest */;
			productType = "com.apple.product-type.bundle.unit-test";
		};
		B31A59E8B1BEC694FE0E5EB9 /* ClaudeSync */ = {
			isa = PBXNativeTarget;
			buildConfigurationList = C3ECAED6D2362731D1B87B3D /* Build configuration list for PBXNativeTarget "ClaudeSync" */;
			buildPhases = (
				B633F2A0644659A7CB170A8E /* Sources */,
				DC19CEFCA54F4E70A22350B0 /* Resources */,
			);
			buildRules = (
			);
			dependencies = (
			);
			name = ClaudeSync;
			packageProductDependencies = (
			);
			productName = ClaudeSync;
			productReference = 7B2905621C529D18F56265E0 /* ClaudeSync.app */;
			productType = "com.apple.product-type.application";
		};
/* End PBXNativeTarget section */

/* Begin PBXProject section */
		C11BE2998A4369D474FCF140 /* Project object */ = {
			isa = PBXProject;
			attributes = {
				BuildIndependentTargetsInParallel = YES;
				LastUpgradeCheck = 1600;
				TargetAttributes = {
					543275E899AFFD09266D4FD6 = {
						ProvisioningStyle = Automatic;
					};
					B31A59E8B1BEC694FE0E5EB9 = {
						DevelopmentTeam = "";
						ProvisioningStyle = Automatic;
					};
				};
			};
			buildConfigurationList = 0BD5997B142B7A2D1378D933 /* Build configuration list for PBXProject "ClaudeSync" */;
			compatibilityVersion = "Xcode 14.0";
			developmentRegion = en;
			hasScannedForEncodings = 0;
			knownRegions = (
				Base,
				en,
			);
			mainGroup = E4F3D9956CCD8CB9CF79CA69;
			minimizedProjectReferenceProxies = 1;
			preferredProjectObjectVersion = 77;
			projectDirPath = "";
			projectRoot = "";
			targets = (
				B31A59E8B1BEC694FE0E5EB9 /* ClaudeSync */,
				543275E899AFFD09266D4FD6 /* ClaudeSyncTests */,
			);
		};
/* End PBXProject section */

/* Begin PBXResourcesBuildPhase section */
		DC19CEFCA54F4E70A22350B0 /* Resources */ = {
			isa = PBXResourcesBuildPhase;
			buildActionMask = 2147483647;
			files = (
				86C9E1BBF8224185B16004D1 /* Assets.xcassets in Resources */,
			);
			runOnlyForDeploymentPostprocessing = 0;
		};
/* End PBXResourcesBuildPhase section */

/* Begin PBXSourcesBuildPhase section */
		17F159BAD7EBFE0E7401F026 /* Sources */ = {
			isa = PBXSourcesBuildPhase;
			buildActionMask = 2147483647;
			files = (
				4C61CEE8E4C56B87D3DE43AD /* BatchAccumulatorTests.swift in Sources */,
				76D781C01DE777D21A619AD3 /* ConflictResolverTests.swift in Sources */,
				3F2D2F6B51967743B34075C0 /* ControlMessageCodecTests.swift in Sources */,
				D843B3D629C40496616DF373 /* DebouncerTests.swift in Sources */,
				1BFF46058B3FC4092DAFE3FE /* EndToEndPairingTests.swift in Sources */,
				B6F8E7CBCCC33DC70EEFA29A /* EndToEndSyncTests.swift in Sources */,
				27A75ECB9F377A22927F3BEE /* FSEventStreamWatcherTests.swift in Sources */,
				5CB64237B33E45EEEE036237 /* FileSyncActorTests.swift in Sources */,
				6ABF325BA5EBE7560FE0CC3D /* FileWatcherActorTests.swift in Sources */,
				7B9DE4E3DB3202BDDA3605AF /* LaunchAtLoginTests.swift in Sources */,
				76690AF9AC7DD0F538EB415C /* OnboardingViewModelTests.swift in Sources */,
				13633995DCF25491490F4F82 /* PairingCodeGeneratorTests.swift in Sources */,
				6F25E5A17A1FD71187F332A1 /* PairingManagerTests.swift in Sources */,
				8E6EEE325ECCA2A5FE229187 /* PeerChannelTests.swift in Sources */,
				D69B005326234C095A7B3018 /* PeerDiscoveryTests.swift in Sources */,
				C1C383DECEFF586BCAD29CDE /* PreferencesTests.swift in Sources */,
				99D03AAB89CE15C57F65CE8F /* PreflightTests.swift in Sources */,
				EBAFFE779D3A1DCA4BA3821B /* RsyncCommandBuilderTests.swift in Sources */,
				025F977E66A0EAD4053694A4 /* SSHKeyManagerTests.swift in Sources */,
				DCAC9A1B1A8A25C7B85C56CA /* SmokeTests.swift in Sources */,
				A0460B7BAB325208C53E8EDC /* SyncCoordinatorTests.swift in Sources */,
				0BEA10F6F3CE1E9B8FBCE831 /* SyncHistoryTests.swift in Sources */,
				7B5CEFC36CDFFB77745AD7EE /* SyncJobTests.swift in Sources */,
				E498546006E02EBAE9FB4F2F /* SyncTargetTests.swift in Sources */,
				0A03F3D0C2F7E781F15C08BF /* V101RegressionTests.swift in Sources */,
				111E56474D36E15932827627 /* V11RegressionTests.swift in Sources */,
				44A9872F6014CA6636407714 /* V121RegressionTests.swift in Sources */,
				EE0E189D2B5CBCBE00B8B20F /* V122RegressionTests.swift in Sources */,
				5ED5687D403E44EA916C0E49 /* V12RegressionTests.swift in Sources */,
			);
			runOnlyForDeploymentPostprocessing = 0;
		};
		B633F2A0644659A7CB170A8E /* Sources */ = {
			isa = PBXSourcesBuildPhase;
			buildActionMask = 2147483647;
			files = (
				4E6AAD725EE272C9183F6C75 /* AppEnvironment.swift in Sources */,
				827DAAFF325BA5330279D06F /* BatchAccumulator.swift in Sources */,
				CDB0E24ED96AE7C31C7330E5 /* ClaudeSyncApp.swift in Sources */,
				31F9FD2CBBF202FBD0D01612 /* ClaudeSyncProtocolFramer.swift in Sources */,
				81FA87FE154E6B0C2B01DE32 /* ConflictResolver.swift in Sources */,
				14240138EED46CCF5303E6B2 /* ControlMessage.swift in Sources */,
				E2FAC13445B20BB8328CF4D0 /* Debouncer.swift in Sources */,
				88A62BAAEBC2F3420A2CAE61 /* FSEventStreamWatcher.swift in Sources */,
				E9B0FBE1BE34240EAC049BBD /* FileSyncActor.swift in Sources */,
				7A1A77478289727A3AC81429 /* FileWatcherActor.swift in Sources */,
				F352209B6E66990099F6131A /* FirstLaunchPairingView.swift in Sources */,
				FB1EFDC6FC42BEBBE9CDEA8D /* FrameCodec.swift in Sources */,
				44DD43E8997689A7A4CFA21E /* FullDiskAccessChecker.swift in Sources */,
				770F7A1F10F9D5251FA9E127 /* ICloudDrivePairingShare.swift in Sources */,
				54879D1197E316FF5D8E850C /* ICloudPairingShare.swift in Sources */,
				846A19EE944152C45CAEFF76 /* IgnorePatterns.swift in Sources */,
				6D1E094A5053B94DB7E63067 /* LaunchAtLogin.swift in Sources */,
				A89B611AD1B185B4BD6167F8 /* Logger.swift in Sources */,
				27AFB92B3C236883C917E330 /* MenuBarRootView.swift in Sources */,
				3A9E48A31BF075D785766FBC /* NWConnectionPeerChannel.swift in Sources */,
				771C21C81EF54022CE02BD97 /* NetworkResilience.swift in Sources */,
				B1C6840F529ECDCBCE9FC775 /* OnboardingViewModel.swift in Sources */,
				338D0F0DA2B55D74D055E844 /* PairingCodeGenerator.swift in Sources */,
				881FD09296C231CFE0ABCE39 /* PairingManager.swift in Sources */,
				5964E5F85445BA4E03FB8918 /* PeerChannel.swift in Sources */,
				055C99B16969C0E86E6557AE /* PeerDiscoveryActor.swift in Sources */,
				DF4DDEB42273DD3CA0D89BEE /* PeerInfo.swift in Sources */,
				ED07BF95408B72A828CD3D2C /* Preferences.swift in Sources */,
				EB1966D2087CFFC0FABBB4CE /* PreferencesIntegrity.swift in Sources */,
				31E58CA37D238F3FF4D03DDA /* ProcessRunner.swift in Sources */,
				ADC5FD2D5523BB1B3C4E1A62 /* RemoteLoginPreflight.swift in Sources */,
				E2A127CA229261EE2B1ACF5E /* RsyncCommandBuilder.swift in Sources */,
				95D40F596A6872EA210F02F1 /* SSHConnectivityChecker.swift in Sources */,
				C4F65480F5324ADF21D6C27E /* SSHKeyManager.swift in Sources */,
				AA15FA96F509FE4309BC8351 /* SettingsView.swift in Sources */,
				50DD893064D3D8F1D7DA5C43 /* SingleInstanceGuard.swift in Sources */,
				01EF2044E2FFBDD062C7E3CB /* SyncCoordinator.swift in Sources */,
				B8A1AE483C7F83CC703BCBD9 /* SyncHistory.swift in Sources */,
				F62DBB79BF365425493BE6EF /* SyncJob.swift in Sources */,
				59CDBEA87FF250980897F8BF /* SyncTarget.swift in Sources */,
				25CCC26B8542B3578E5CB9AD /* SystemSettingsLink.swift in Sources */,
				3F528FF60B8ECB4029EF41E4 /* TLSCertificateProvider.swift in Sources */,
			);
			runOnlyForDeploymentPostprocessing = 0;
		};
/* End PBXSourcesBuildPhase section */

/* Begin PBXTargetDependency section */
		69FA306CD4601679117CF7EB /* PBXTargetDependency */ = {
			isa = PBXTargetDependency;
			target = B31A59E8B1BEC694FE0E5EB9 /* ClaudeSync */;
			targetProxy = B8C7EBB934AF9FD53D796BDC /* PBXContainerItemProxy */;
		};
/* End PBXTargetDependency section */

/* Begin XCBuildConfiguration section */
		18DE09E88AEB27751546AD6F /* Release */ = {
			isa = XCBuildConfiguration;
			buildSettings = {
				BUNDLE_LOADER = "$(TEST_HOST)";
				CODE_SIGN_IDENTITY = "-";
				CODE_SIGN_STYLE = Automatic;
				COMBINE_HIDPI_IMAGES = YES;
				GENERATE_INFOPLIST_FILE = YES;
				LD_RUNPATH_SEARCH_PATHS = (
					"$(inherited)",
					"@executable_path/../Frameworks",
					"@loader_path/../Frameworks",
				);
				PRODUCT_BUNDLE_IDENTIFIER = com.claudesync.app.tests;
				SDKROOT = macosx;
				TEST_HOST = "$(BUILT_PRODUCTS_DIR)/ClaudeSync.app/Contents/MacOS/ClaudeSync";
			};
			name = Release;
		};
		4C938A401FC7311D4AF49D67 /* Debug */ = {
			isa = XCBuildConfiguration;
			buildSettings = {
				BUNDLE_LOADER = "$(TEST_HOST)";
				CODE_SIGN_IDENTITY = "-";
				CODE_SIGN_STYLE = Automatic;
				COMBINE_HIDPI_IMAGES = YES;
				GENERATE_INFOPLIST_FILE = YES;
				LD_RUNPATH_SEARCH_PATHS = (
					"$(inherited)",
					"@executable_path/../Frameworks",
					"@loader_path/../Frameworks",
				);
				PRODUCT_BUNDLE_IDENTIFIER = com.claudesync.app.tests;
				SDKROOT = macosx;
				TEST_HOST = "$(BUILT_PRODUCTS_DIR)/ClaudeSync.app/Contents/MacOS/ClaudeSync";
			};
			name = Debug;
		};
		8579697367CD73069793E185 /* Debug */ = {
			isa = XCBuildConfiguration;
			buildSettings = {
				ASSETCATALOG_COMPILER_APPICON_NAME = AppIcon;
				ASSETCATALOG_COMPILER_GLOBAL_ACCENT_COLOR_NAME = AccentColor;
				CODE_SIGN_ENTITLEMENTS = ClaudeSync/Resources/ClaudeSync.entitlements;
				CODE_SIGN_IDENTITY = "-";
				CODE_SIGN_STYLE = Automatic;
				COMBINE_HIDPI_IMAGES = YES;
				DEVELOPMENT_TEAM = "";
				INFOPLIST_FILE = ClaudeSync/Resources/Info.plist;
				LD_RUNPATH_SEARCH_PATHS = (
					"$(inherited)",
					"@executable_path/../Frameworks",
				);
				PRODUCT_BUNDLE_IDENTIFIER = com.claudesync.app;
				PRODUCT_NAME = ClaudeSync;
				SDKROOT = macosx;
			};
			name = Debug;
		};
		E06969D36324A367A0A4AFF9 /* Release */ = {
			isa = XCBuildConfiguration;
			buildSettings = {
				ALWAYS_SEARCH_USER_PATHS = NO;
				ARCHS = "$(ARCHS_STANDARD)";
				CLANG_ANALYZER_NONNULL = YES;
				CLANG_ANALYZER_NUMBER_OBJECT_CONVERSION = YES_AGGRESSIVE;
				CLANG_CXX_LANGUAGE_STANDARD = "gnu++14";
				CLANG_CXX_LIBRARY = "libc++";
				CLANG_ENABLE_MODULES = YES;
				CLANG_ENABLE_OBJC_ARC = YES;
				CLANG_ENABLE_OBJC_WEAK = YES;
				CLANG_WARN_BLOCK_CAPTURE_AUTORELEASING = YES;
				CLANG_WARN_BOOL_CONVERSION = YES;
				CLANG_WARN_COMMA = YES;
				CLANG_WARN_CONSTANT_CONVERSION = YES;
				CLANG_WARN_DEPRECATED_OBJC_IMPLEMENTATIONS = YES;
				CLANG_WARN_DIRECT_OBJC_ISA_USAGE = YES_ERROR;
				CLANG_WARN_DOCUMENTATION_COMMENTS = YES;
				CLANG_WARN_EMPTY_BODY = YES;
				CLANG_WARN_ENUM_CONVERSION = YES;
				CLANG_WARN_INFINITE_RECURSION = YES;
				CLANG_WARN_INT_CONVERSION = YES;
				CLANG_WARN_NON_LITERAL_NULL_CONVERSION = YES;
				CLANG_WARN_OBJC_IMPLICIT_RETAIN_SELF = YES;
				CLANG_WARN_OBJC_LITERAL_CONVERSION = YES;
				CLANG_WARN_OBJC_ROOT_CLASS = YES_ERROR;
				CLANG_WARN_QUOTED_INCLUDE_IN_FRAMEWORK_HEADER = YES;
				CLANG_WARN_RANGE_LOOP_ANALYSIS = YES;
				CLANG_WARN_STRICT_PROTOTYPES = YES;
				CLANG_WARN_SUSPICIOUS_MOVE = YES;
				CLANG_WARN_UNGUARDED_AVAILABILITY = YES_AGGRESSIVE;
				CLANG_WARN_UNREACHABLE_CODE = YES;
				CLANG_WARN__DUPLICATE_METHOD_MATCH = YES;
				COPY_PHASE_STRIP = NO;
				CURRENT_PROJECT_VERSION = 16;
				DEAD_CODE_STRIPPING = YES;
				DEBUG_INFORMATION_FORMAT = "dwarf-with-dsym";
				ENABLE_HARDENED_RUNTIME = YES;
				ENABLE_NS_ASSERTIONS = NO;
				ENABLE_STRICT_OBJC_MSGSEND = YES;
				ENABLE_USER_SCRIPT_SANDBOXING = NO;
				GCC_C_LANGUAGE_STANDARD = gnu11;
				GCC_NO_COMMON_BLOCKS = YES;
				GCC_WARN_64_TO_32_BIT_CONVERSION = YES;
				GCC_WARN_ABOUT_RETURN_TYPE = YES_ERROR;
				GCC_WARN_UNDECLARED_SELECTOR = YES;
				GCC_WARN_UNINITIALIZED_AUTOS = YES_AGGRESSIVE;
				GCC_WARN_UNUSED_FUNCTION = YES;
				GCC_WARN_UNUSED_VARIABLE = YES;
				MACOSX_DEPLOYMENT_TARGET = 15.0;
				MARKETING_VERSION = 1.2.12;
				MTL_ENABLE_DEBUG_INFO = NO;
				MTL_FAST_MATH = YES;
				ONLY_ACTIVE_ARCH = NO;
				PRODUCT_NAME = "$(TARGET_NAME)";
				SDKROOT = macosx;
				SWIFT_COMPILATION_MODE = wholemodule;
				SWIFT_OPTIMIZATION_LEVEL = "-O";
				SWIFT_STRICT_CONCURRENCY = complete;
				SWIFT_UPCOMING_FEATURE_CONCISE_MAGIC_FILE = YES;
				SWIFT_VERSION = 6.0;
				VALID_ARCHS = "arm64 x86_64";
			};
			name = Release;
		};
		ED18602987916075F3510F53 /* Release */ = {
			isa = XCBuildConfiguration;
			buildSettings = {
				ASSETCATALOG_COMPILER_APPICON_NAME = AppIcon;
				ASSETCATALOG_COMPILER_GLOBAL_ACCENT_COLOR_NAME = AccentColor;
				CODE_SIGN_ENTITLEMENTS = ClaudeSync/Resources/ClaudeSync.entitlements;
				CODE_SIGN_IDENTITY = "-";
				CODE_SIGN_STYLE = Automatic;
				COMBINE_HIDPI_IMAGES = YES;
				DEVELOPMENT_TEAM = "";
				INFOPLIST_FILE = ClaudeSync/Resources/Info.plist;
				LD_RUNPATH_SEARCH_PATHS = (
					"$(inherited)",
					"@executable_path/../Frameworks",
				);
				PRODUCT_BUNDLE_IDENTIFIER = com.claudesync.app;
				PRODUCT_NAME = ClaudeSync;
				SDKROOT = macosx;
			};
			name = Release;
		};
		F2C831BFD0CBDE3632A3509F /* Debug */ = {
			isa = XCBuildConfiguration;
			buildSettings = {
				ALWAYS_SEARCH_USER_PATHS = NO;
				ARCHS = "$(ARCHS_STANDARD)";
				CLANG_ANALYZER_NONNULL = YES;
				CLANG_ANALYZER_NUMBER_OBJECT_CONVERSION = YES_AGGRESSIVE;
				CLANG_CXX_LANGUAGE_STANDARD = "gnu++14";
				CLANG_CXX_LIBRARY = "libc++";
				CLANG_ENABLE_MODULES = YES;
				CLANG_ENABLE_OBJC_ARC = YES;
				CLANG_ENABLE_OBJC_WEAK = YES;
				CLANG_WARN_BLOCK_CAPTURE_AUTORELEASING = YES;
				CLANG_WARN_BOOL_CONVERSION = YES;
				CLANG_WARN_COMMA = YES;
				CLANG_WARN_CONSTANT_CONVERSION = YES;
				CLANG_WARN_DEPRECATED_OBJC_IMPLEMENTATIONS = YES;
				CLANG_WARN_DIRECT_OBJC_ISA_USAGE = YES_ERROR;
				CLANG_WARN_DOCUMENTATION_COMMENTS = YES;
				CLANG_WARN_EMPTY_BODY = YES;
				CLANG_WARN_ENUM_CONVERSION = YES;
				CLANG_WARN_INFINITE_RECURSION = YES;
				CLANG_WARN_INT_CONVERSION = YES;
				CLANG_WARN_NON_LITERAL_NULL_CONVERSION = YES;
				CLANG_WARN_OBJC_IMPLICIT_RETAIN_SELF = YES;
				CLANG_WARN_OBJC_LITERAL_CONVERSION = YES;
				CLANG_WARN_OBJC_ROOT_CLASS = YES_ERROR;
				CLANG_WARN_QUOTED_INCLUDE_IN_FRAMEWORK_HEADER = YES;
				CLANG_WARN_RANGE_LOOP_ANALYSIS = YES;
				CLANG_WARN_STRICT_PROTOTYPES = YES;
				CLANG_WARN_SUSPICIOUS_MOVE = YES;
				CLANG_WARN_UNGUARDED_AVAILABILITY = YES_AGGRESSIVE;
				CLANG_WARN_UNREACHABLE_CODE = YES;
				CLANG_WARN__DUPLICATE_METHOD_MATCH = YES;
				COPY_PHASE_STRIP = NO;
				CURRENT_PROJECT_VERSION = 16;
				DEAD_CODE_STRIPPING = YES;
				DEBUG_INFORMATION_FORMAT = dwarf;
				ENABLE_HARDENED_RUNTIME = YES;
				ENABLE_STRICT_OBJC_MSGSEND = YES;
				ENABLE_TESTABILITY = YES;
				ENABLE_USER_SCRIPT_SANDBOXING = NO;
				GCC_C_LANGUAGE_STANDARD = gnu11;
				GCC_DYNAMIC_NO_PIC = NO;
				GCC_NO_COMMON_BLOCKS = YES;
				GCC_OPTIMIZATION_LEVEL = 0;
				GCC_PREPROCESSOR_DEFINITIONS = (
					"$(inherited)",
					"DEBUG=1",
				);
				GCC_WARN_64_TO_32_BIT_CONVERSION = YES;
				GCC_WARN_ABOUT_RETURN_TYPE = YES_ERROR;
				GCC_WARN_UNDECLARED_SELECTOR = YES;
				GCC_WARN_UNINITIALIZED_AUTOS = YES_AGGRESSIVE;
				GCC_WARN_UNUSED_FUNCTION = YES;
				GCC_WARN_UNUSED_VARIABLE = YES;
				MACOSX_DEPLOYMENT_TARGET = 15.0;
				MARKETING_VERSION = 1.2.12;
				MTL_ENABLE_DEBUG_INFO = INCLUDE_SOURCE;
				MTL_FAST_MATH = YES;
				ONLY_ACTIVE_ARCH = YES;
				PRODUCT_NAME = "$(TARGET_NAME)";
				SDKROOT = macosx;
				SWIFT_ACTIVE_COMPILATION_CONDITIONS = DEBUG;
				SWIFT_OPTIMIZATION_LEVEL = "-Onone";
				SWIFT_STRICT_CONCURRENCY = complete;
				SWIFT_UPCOMING_FEATURE_CONCISE_MAGIC_FILE = YES;
				SWIFT_VERSION = 6.0;
				VALID_ARCHS = "arm64 x86_64";
			};
			name = Debug;
		};
/* End XCBuildConfiguration section */

/* Begin XCConfigurationList section */
		0BD5997B142B7A2D1378D933 /* Build configuration list for PBXProject "ClaudeSync" */ = {
			isa = XCConfigurationList;
			buildConfigurations = (
				F2C831BFD0CBDE3632A3509F /* Debug */,
				E06969D36324A367A0A4AFF9 /* Release */,
			);
			defaultConfigurationIsVisible = 0;
			defaultConfigurationName = Debug;
		};
		C3ECAED6D2362731D1B87B3D /* Build configuration list for PBXNativeTarget "ClaudeSync" */ = {
			isa = XCConfigurationList;
			buildConfigurations = (
				8579697367CD73069793E185 /* Debug */,
				ED18602987916075F3510F53 /* Release */,
			);
			defaultConfigurationIsVisible = 0;
			defaultConfigurationName = Debug;
		};
		F4EFC4CAB516248948FD04ED /* Build configuration list for PBXNativeTarget "ClaudeSyncTests" */ = {
			isa = XCConfigurationList;
			buildConfigurations = (
				4C938A401FC7311D4AF49D67 /* Debug */,
				18DE09E88AEB27751546AD6F /* Release */,
			);
			defaultConfigurationIsVisible = 0;
			defaultConfigurationName = Debug;
		};
/* End XCConfigurationList section */
	};
	rootObject = C11BE2998A4369D474FCF140 /* Project object */;
}
